Microsoft Visual Studio Solution File, Format Version 12.00
# Visual Studio Version 17
VisualStudioVersion = 17.5.2.0
MinimumVisualStudioVersion = 10.0.40219.1
Project("{FAE04EC0-301F-11D3-BF4B-00C04F79EFBC}") = "ExemploConstrutores", "ExemploConstrutores.csproj", "{A8605837-1A13-8A98-D056-E4487C5F070B}"
EndProject
Global
	GlobalSection(SolutionConfigurationPlatforms) = preSolution
		Debug|Any CPU = Debug|Any CPU
		Release|Any CPU = Release|Any CPU
	EndGlobalSection
	GlobalSection(ProjectConfigurationPlatforms) = postSolution
		{A8605837-1A13-8A98-D056-E4487C5F070B}.Debug|Any CPU.ActiveCfg = Debug|Any CPU
		{A8605837-1A13-8A98-D056-E4487C5F070B}.Debug|Any CPU.Build.0 = Debug|Any CPU
		{A8605837-1A13-8A98-D056-E4487C5F070B}.Release|Any CPU.ActiveCfg = Release|Any CPU
		{A8605837-1A13-8A98-D056-E4487C5F070B}.Release|Any CPU.Build.0 = Release|Any CPU
	EndGlobalSection
	GlobalSection(SolutionProperties) = preSolution
		HideSolutionNode = FALSE
	EndGlobalSection
	GlobalSection(ExtensibilityGlobals) = postSolution
		SolutionGuid = {84FAC65E-CA72-43F9-8670-8F7AE2814ECB}
	EndGlobalSection
EndGlobal
